
Microsoft Visual Studio Solution File, Format Version 12.00
# Visual Studio 15
VisualStudioVersion = 15.0.26124.0
MinimumVisualStudioVersion = 15.0.26124.0
Project("{2150E333-8FDC-42A3-9474-1A3956D46DE8}") = "src", "src", "{DE12287C-DE85-4082-805D-DF0F010E4F5E}"
EndProject
Project("{FAE04EC0-301F-11D3-BF4B-00C04F79EFBC}") = "ClunkerBot", "src\ClunkerBot\ClunkerBot.csproj", "{2DE62820-E1F3-4F0C-B048-22DF7DC9E5C7}"
EndProject
Global
	GlobalSection(SolutionConfigurationPlatforms) = preSolution
		Debug|Any CPU = Debug|Any CPU
		Debug|x64 = Debug|x64
		Debug|x86 = Debug|x86
		Release|Any CPU = Release|Any CPU
		Release|x64 = Release|x64
		Release|x86 = Release|x86
	EndGlobalSection
	GlobalSection(SolutionProperties) = preSolution
		HideSolutionNode = FALSE
	EndGlobalSection
	GlobalSection(ProjectConfigurationPlatforms) = postSolution
		{2DE62820-E1F3-4F0C-B048-22DF7DC9E5C7}.Debug|Any CPU.ActiveCfg = Debug|Any CPU
		{2DE62820-E1F3-4F0C-B048-22DF7DC9E5C7}.Debug|Any CPU.Build.0 = Debug|Any CPU
		{2DE62820-E1F3-4F0C-B048-22DF7DC9E5C7}.Debug|x64.ActiveCfg = Debug|Any CPU
		{2DE62820-E1F3-4F0C-B048-22DF7DC9E5C7}.Debug|x64.Build.0 = Debug|Any CPU
		{2DE62820-E1F3-4F0C-B048-22DF7DC9E5C7}.Debug|x86.ActiveCfg = Debug|Any CPU
		{2DE62820-E1F3-4F0C-B048-22DF7DC9E5C7}.Debug|x86.Build.0 = Debug|Any CPU
		{2DE62820-E1F3-4F0C-B048-22DF7DC9E5C7}.Release|Any CPU.ActiveCfg = Release|Any CPU
		{2DE62820-E1F3-4F0C-B048-22DF7DC9E5C7}.Release|Any CPU.Build.0 = Release|Any CPU
		{2DE62820-E1F3-4F0C-B048-22DF7DC9E5C7}.Release|x64.ActiveCfg = Release|Any CPU
		{2DE62820-E1F3-4F0C-B048-22DF7DC9E5C7}.Release|x64.Build.0 = Release|Any CPU
		{2DE62820-E1F3-4F0C-B048-22DF7DC9E5C7}.Release|x86.ActiveCfg = Release|Any CPU
		{2DE62820-E1F3-4F0C-B048-22DF7DC9E5C7}.Release|x86.Build.0 = Release|Any CPU
		{25AD1D30-CC79-4DCB-925B-6C192C5A84FC}.Debug|Any CPU.ActiveCfg = Debug|Any CPU
		{25AD1D30-CC79-4DCB-925B-6C192C5A84FC}.Debug|Any CPU.Build.0 = Debug|Any CPU
		{25AD1D30-CC79-4DCB-925B-6C192C5A84FC}.Debug|x64.ActiveCfg = Debug|Any CPU
		{25AD1D30-CC79-4DCB-925B-6C192C5A84FC}.Debug|x64.Build.0 = Debug|Any CPU
		{25AD1D30-CC79-4DCB-925B-6C192C5A84FC}.Debug|x86.ActiveCfg = Debug|Any CPU
		{25AD1D30-CC79-4DCB-925B-6C192C5A84FC}.Debug|x86.Build.0 = Debug|Any CPU
		{25AD1D30-CC79-4DCB-925B-6C192C5A84FC}.Release|Any CPU.ActiveCfg = Release|Any CPU
		{25AD1D30-CC79-4DCB-925B-6C192C5A84FC}.Release|Any CPU.Build.0 = Release|Any CPU
		{25AD1D30-CC79-4DCB-925B-6C192C5A84FC}.Release|x64.ActiveCfg = Release|Any CPU
		{25AD1D30-CC79-4DCB-925B-6C192C5A84FC}.Release|x64.Build.0 = Release|Any CPU
		{25AD1D30-CC79-4DCB-925B-6C192C5A84FC}.Release|x86.ActiveCfg = Release|Any CPU
		{25AD1D30-CC79-4DCB-925B-6C192C5A84FC}.Release|x86.Build.0 = Release|Any CPU
	EndGlobalSection
	GlobalSection(NestedProjects) = preSolution
		{2DE62820-E1F3-4F0C-B048-22DF7DC9E5C7} = {DE12287C-DE85-4082-805D-DF0F010E4F5E}
		{25AD1D30-CC79-4DCB-925B-6C192C5A84FC} = {DE12287C-DE85-4082-805D-DF0F010E4F5E}
	EndGlobalSection
EndGlobal
